// !$*UTF8*$!
{
	archiveVersion = 1;
	classes = {
	};
	objectVersion = 46;
	objects = {

/* Begin PBXBuildFile section */
		EC548512187F441D00EA69E5 /* AddCategoryViewController.m in Sources */ = {isa = PBXBuildFile; fileRef = EC548511187F441D00EA69E5 /* AddCategoryViewController.m */; };
		ECA07118187BFEAC004CFA05 /* CategoryListViewController.m in Sources */ = {isa = PBXBuildFile; fileRef = ECA07117187BFEAC004CFA05 /* CategoryListViewController.m */; };
		ECA0711B187C903A004CFA05 /* AddTransactionViewController.m in Sources */ = {isa = PBXBuildFile; fileRef = ECA0711A187C903A004CFA05 /* AddTransactionViewController.m */; };
		ECA0711E187C9B02004CFA05 /* AddingTransactionCLVC.m in Sources */ = {isa = PBXBuildFile; fileRef = ECA0711D187C9B02004CFA05 /* AddingTransactionCLVC.m */; };
		ECA07124187CA238004CFA05 /* ContextNavController.m in Sources */ = {isa = PBXBuildFile; fileRef = ECA07123187CA238004CFA05 /* ContextNavController.m */; };
		ECB140F3187A9ECC008A58AA /* Foundation.framework in Frameworks */ = {isa = PBXBuildFile; fileRef = ECB140F2187A9ECC008A58AA /* Foundation.framework */; };
		ECB140F5187A9ECC008A58AA /* CoreGraphics.framework in Frameworks */ = {isa = PBXBuildFile; fileRef = ECB140F4187A9ECC008A58AA /* CoreGraphics.framework */; };
		ECB140F7187A9ECC008A58AA /* UIKit.framework in Frameworks */ = {isa = PBXBuildFile; fileRef = ECB140F6187A9ECC008A58AA /* UIKit.framework */; };
		ECB140FD187A9ECC008A58AA /* InfoPlist.strings in Resources */ = {isa = PBXBuildFile; fileRef = ECB140FB187A9ECC008A58AA /* InfoPlist.strings */; };
		ECB140FF187A9ECC008A58AA /* main.m in Sources */ = {isa = PBXBuildFile; fileRef = ECB140FE187A9ECC008A58AA /* main.m */; };
		ECB14103187A9ECC008A58AA /* SpendykinsAppDelegate.m in Sources */ = {isa = PBXBuildFile; fileRef = ECB14102187A9ECC008A58AA /* SpendykinsAppDelegate.m */; };
		ECB14106187A9ECC008A58AA /* Main.storyboard in Resources */ = {isa = PBXBuildFile; fileRef = ECB14104187A9ECC008A58AA /* Main.storyboard */; };
		ECB14109187A9ECC008A58AA /* SpendykinsViewController.m in Sources */ = {isa = PBXBuildFile; fileRef = ECB14108187A9ECC008A58AA /* SpendykinsViewController.m */; };
		ECB1410B187A9ECC008A58AA /* Images.xcassets in Resources */ = {isa = PBXBuildFile; fileRef = ECB1410A187A9ECC008A58AA /* Images.xcassets */; };
		ECB14112187A9ECC008A58AA /* XCTest.framework in Frameworks */ = {isa = PBXBuildFile; fileRef = ECB14111187A9ECC008A58AA /* XCTest.framework */; };
		ECB14113187A9ECC008A58AA /* Foundation.framework in Frameworks */ = {isa = PBXBuildFile; fileRef = ECB140F2187A9ECC008A58AA /* Foundation.framework */; };
		ECB14114187A9ECC008A58AA /* UIKit.framework in Frameworks */ = {isa = PBXBuildFile; fileRef = ECB140F6187A9ECC008A58AA /* UIKit.framework */; };
		ECB1411C187A9ECC008A58AA /* InfoPlist.strings in Resources */ = {isa = PBXBuildFile; fileRef = ECB1411A187A9ECC008A58AA /* InfoPlist.strings */; };
		ECB1411E187A9ECC008A58AA /* SpendykinsTests.m in Sources */ = {isa = PBXBuildFile; fileRef = ECB1411D187A9ECC008A58AA /* SpendykinsTests.m */; };
		ECB14129187A9FC9008A58AA /* Model.xcdatamodeld in Sources */ = {isa = PBXBuildFile; fileRef = ECB14127187A9FC9008A58AA /* Model.xcdatamodeld */; };
		ECB1413F187AA59E008A58AA /* SpendingCategory+Create.m in Sources */ = {isa = PBXBuildFile; fileRef = ECB1413E187AA59E008A58AA /* SpendingCategory+Create.m */; };
		ECB14142187AABDC008A58AA /* Rating+Create.m in Sources */ = {isa = PBXBuildFile; fileRef = ECB14141187AABDC008A58AA /* Rating+Create.m */; };
		ECB1414E187AAD25008A58AA /* Rating.m in Sources */ = {isa = PBXBuildFile; fileRef = ECB1414D187AAD25008A58AA /* Rating.m */; };
		ECB14151187AAD26008A58AA /* SpendingCategory.m in Sources */ = {isa = PBXBuildFile; fileRef = ECB14150187AAD26008A58AA /* SpendingCategory.m */; };
		ECB14154187AAD26008A58AA /* Transaction.m in Sources */ = {isa = PBXBuildFile; fileRef = ECB14153187AAD26008A58AA /* Transaction.m */; };
		ECB14157187AB182008A58AA /* Transaction+Create.m in Sources */ = {isa = PBXBuildFile; fileRef = ECB14156187AB182008A58AA /* Transaction+Create.m */; };
/* End PBXBuildFile section */

/* Begin PBXContainerItemProxy section */
		ECB14115187A9ECC008A58AA /* PBXContainerItemProxy */ = {
			isa = PBXContainerItemProxy;
			containerPortal = ECB140E7187A9ECC008A58AA /* Project object */;
			proxyType = 1;
			remoteGlobalIDString = ECB140EE187A9ECC008A58AA;
			remoteInfo = Spendykins;
		};
/* End PBXContainerItemProxy section */

/* Begin PBXFileReference section */
		EC548510187F441D00EA69E5 /* AddCategoryViewController.h */ = {isa = PBXFileReference; fileEncoding = 4; lastKnownFileType = sourcecode.c.h; path = AddCategoryViewController.h; sourceTree = "<group>"; };
		EC548511187F441D00EA69E5 /* AddCategoryViewController.m */ = {isa = PBXFileReference; fileEncoding = 4; lastKnownFileType = sourcecode.c.objc; path = AddCategoryViewController.m; sourceTree = "<group>"; };
		ECA07116187BFEAC004CFA05 /* CategoryListViewController.h */ = {isa = PBXFileReference; fileEncoding = 4; lastKnownFileType = sourcecode.c.h; path = CategoryListViewController.h; sourceTree = "<group>"; };
		ECA07117187BFEAC004CFA05 /* CategoryListViewController.m */ = {isa = PBXFileReference; fileEncoding = 4; lastKnownFileType = sourcecode.c.objc; path = CategoryListViewController.m; sourceTree = "<group>"; };
		ECA07119187C903A004CFA05 /* AddTransactionViewController.h */ = {isa = PBXFileReference; fileEncoding = 4; lastKnownFileType = sourcecode.c.h; path = AddTransactionViewController.h; sourceTree = "<group>"; };
		ECA0711A187C903A004CFA05 /* AddTransactionViewController.m */ = {isa = PBXFileReference; fileEncoding = 4; lastKnownFileType = sourcecode.c.objc; path = AddTransactionViewController.m; sourceTree = "<group>"; };
		ECA0711C187C9B02004CFA05 /* AddingTransactionCLVC.h */ = {isa = PBXFileReference; fileEncoding = 4; lastKnownFileType = sourcecode.c.h; path = AddingTransactionCLVC.h; sourceTree = "<group>"; };
		ECA0711D187C9B02004CFA05 /* AddingTransactionCLVC.m */ = {isa = PBXFileReference; fileEncoding = 4; lastKnownFileType = sourcecode.c.objc; path = AddingTransactionCLVC.m; sourceTree = "<group>"; };
		ECA07122187CA238004CFA05 /* ContextNavController.h */ = {isa = PBXFileReference; fileEncoding = 4; lastKnownFileType = sourcecode.c.h; name = ContextNavController.h; path = ../ContextNavController.h; sourceTree = "<group>"; };
		ECA07123187CA238004CFA05 /* ContextNavController.m */ = {isa = PBXFileReference; fileEncoding = 4; lastKnownFileType = sourcecode.c.objc; name = ContextNavController.m; path = ../ContextNavController.m; sourceTree = "<group>"; };
		ECB140EF187A9ECC008A58AA /* Spendykins.app */ = {isa = PBXFileReference; explicitFileType = wrapper.application; includeInIndex = 0; path = Spendykins.app; sourceTree = BUILT_PRODUCTS_DIR; };
		ECB140F2187A9ECC008A58AA /* Foundation.framework */ = {isa = PBXFileReference; lastKnownFileType = wrapper.framework; name = Foundation.framework; path = System/Library/Frameworks/Foundation.framework; sourceTree = SDKROOT; };
		ECB140F4187A9ECC008A58AA /* CoreGraphics.framework */ = {isa = PBXFileReference; lastKnownFileType = wrapper.framework; name = CoreGraphics.framework; path = System/Library/Frameworks/CoreGraphics.framework; sourceTree = SDKROOT; };
		ECB140F6187A9ECC008A58AA /* UIKit.framework */ = {isa = PBXFileReference; lastKnownFileType = wrapper.framework; name = UIKit.framework; path = System/Library/Frameworks/UIKit.framework; sourceTree = SDKROOT; };
		ECB140FA187A9ECC008A58AA /* Spendykins-Info.plist */ = {isa = PBXFileReference; lastKnownFileType = text.plist.xml; path = "Spendykins-Info.plist"; sourceTree = "<group>"; };
		ECB140FC187A9ECC008A58AA /* en */ = {isa = PBXFileReference; lastKnownFileType = text.plist.strings; name = en; path = en.lproj/InfoPlist.strings; sourceTree = "<group>"; };
		ECB140FE187A9ECC008A58AA /* main.m */ = {isa = PBXFileReference; lastKnownFileType = sourcecode.c.objc; path = main.m; sourceTree = "<group>"; };
		ECB14100187A9ECC008A58AA /* Spendykins-Prefix.pch */ = {isa = PBXFileReference; lastKnownFileType = sourcecode.c.h; path = "Spendykins-Prefix.pch"; sourceTree = "<group>"; };
		ECB14101187A9ECC008A58AA /* SpendykinsAppDelegate.h */ = {isa = PBXFileReference; lastKnownFileType = sourcecode.c.h; path = SpendykinsAppDelegate.h; sourceTree = "<group>"; };
		ECB14102187A9ECC008A58AA /* SpendykinsAppDelegate.m */ = {isa = PBXFileReference; lastKnownFileType = sourcecode.c.objc; path = SpendykinsAppDelegate.m; sourceTree = "<group>"; };
		ECB14105187A9ECC008A58AA /* Base */ = {isa = PBXFileReference; lastKnownFileType = file.storyboard; name = Base; path = Base.lproj/Main.storyboard; sourceTree = "<group>"; };
		ECB14107187A9ECC008A58AA /* SpendykinsViewController.h */ = {isa = PBXFileReference; lastKnownFileType = sourcecode.c.h; path = SpendykinsViewController.h; sourceTree = "<group>"; };
		ECB14108187A9ECC008A58AA /* SpendykinsViewController.m */ = {isa = PBXFileReference; lastKnownFileType = sourcecode.c.objc; path = SpendykinsViewController.m; sourceTree = "<group>"; };
		ECB1410A187A9ECC008A58AA /* Images.xcassets */ = {isa = PBXFileReference; lastKnownFileType = folder.assetcatalog; path = Images.xcassets; sourceTree = "<group>"; };
		ECB14110187A9ECC008A58AA /* SpendykinsTests.xctest */ = {isa = PBXFileReference; explicitFileType = wrapper.cfbundle; includeInIndex = 0; path = SpendykinsTests.xctest; sourceTree = BUILT_PRODUCTS_DIR; };
		ECB14111187A9ECC008A58AA /* XCTest.framework */ = {isa = PBXFileReference; lastKnownFileType = wrapper.framework; name = XCTest.framework; path = Library/Frameworks/XCTest.framework; sourceTree = DEVELOPER_DIR; };
		ECB14119187A9ECC008A58AA /* SpendykinsTests-Info.plist */ = {isa = PBXFileReference; lastKnownFileType = text.plist.xml; path = "SpendykinsTests-Info.plist"; sourceTree = "<group>"; };
		ECB1411B187A9ECC008A58AA /* en */ = {isa = PBXFileReference; lastKnownFileType = text.plist.strings; name = en; path = en.lproj/InfoPlist.strings; sourceTree = "<group>"; };
		ECB1411D187A9ECC008A58AA /* SpendykinsTests.m */ = {isa = PBXFileReference; lastKnownFileType = sourcecode.c.objc; path = SpendykinsTests.m; sourceTree = "<group>"; };
		ECB14128187A9FC9008A58AA /* Model.xcdatamodel */ = {isa = PBXFileReference; lastKnownFileType = wrapper.xcdatamodel; path = Model.xcdatamodel; sourceTree = "<group>"; };
		ECB1413D187AA59E008A58AA /* SpendingCategory+Create.h */ = {isa = PBXFileReference; fileEncoding = 4; lastKnownFileType = sourcecode.c.h; path = "SpendingCategory+Create.h"; sourceTree = "<group>"; };
		ECB1413E187AA59E008A58AA /* SpendingCategory+Create.m */ = {isa = PBXFileReference; fileEncoding = 4; lastKnownFileType = sourcecode.c.objc; path = "SpendingCategory+Create.m"; sourceTree = "<group>"; };
		ECB14140187AABDC008A58AA /* Rating+Create.h */ = {isa = PBXFileReference; fileEncoding = 4; lastKnownFileType = sourcecode.c.h; path = "Rating+Create.h"; sourceTree = "<group>"; };
		ECB14141187AABDC008A58AA /* Rating+Create.m */ = {isa = PBXFileReference; fileEncoding = 4; lastKnownFileType = sourcecode.c.objc; path = "Rating+Create.m"; sourceTree = "<group>"; };
		ECB1414C187AAD25008A58AA /* Rating.h */ = {isa = PBXFileReference; fileEncoding = 4; lastKnownFileType = sourcecode.c.h; path = Rating.h; sourceTree = "<group>"; };
		ECB1414D187AAD25008A58AA /* Rating.m */ = {isa = PBXFileReference; fileEncoding = 4; lastKnownFileType = sourcecode.c.objc; path = Rating.m; sourceTree = "<group>"; };
		ECB1414F187AAD26008A58AA /* SpendingCategory.h */ = {isa = PBXFileReference; fileEncoding = 4; lastKnownFileType = sourcecode.c.h; path = SpendingCategory.h; sourceTree = "<group>"; };
		ECB14150187AAD26008A58AA /* SpendingCategory.m */ = {isa = PBXFileReference; fileEncoding = 4; lastKnownFileType = sourcecode.c.objc; path = SpendingCategory.m; sourceTree = "<group>"; };
		ECB14152187AAD26008A58AA /* Transaction.h */ = {isa = PBXFileReference; fileEncoding = 4; lastKnownFileType = sourcecode.c.h; path = Transaction.h; sourceTree = "<group>"; };
		ECB14153187AAD26008A58AA /* Transaction.m */ = {isa = PBXFileReference; fileEncoding = 4; lastKnownFileType = sourcecode.c.objc; path = Transaction.m; sourceTree = "<group>"; };
		ECB14155187AB182008A58AA /* Transaction+Create.h */ = {isa = PBXFileReference; fileEncoding = 4; lastKnownFileType = sourcecode.c.h; path = "Transaction+Create.h"; sourceTree = "<group>"; };
		ECB14156187AB182008A58AA /* Transaction+Create.m */ = {isa = PBXFileReference; fileEncoding = 4; lastKnownFileType = sourcecode.c.objc; path = "Transaction+Create.m"; sourceTree = "<group>"; };
/* End PBXFileReference section */

/* Begin PBXFrameworksBuildPhase section */
		ECB140EC187A9ECC008A58AA /* Frameworks */ = {
			isa = PBXFrameworksBuildPhase;
			buildActionMask = 2147483647;
			files = (
				ECB140F5187A9ECC008A58AA /* CoreGraphics.framework in Frameworks */,
				ECB140F7187A9ECC008A58AA /* UIKit.framework in Frameworks */,
				ECB140F3187A9ECC008A58AA /* Foundation.framework in Frameworks */,
			);
			runOnlyForDeploymentPostprocessing = 0;
		};
		ECB1410D187A9ECC008A58AA /* Frameworks */ = {
			isa = PBXFrameworksBuildPhase;
			buildActionMask = 2147483647;
			files = (
				ECB14112187A9ECC008A58AA /* XCTest.framework in Frameworks */,
				ECB14114187A9ECC008A58AA /* UIKit.framework in Frameworks */,
				ECB14113187A9ECC008A58AA /* Foundation.framework in Frameworks */,
			);
			runOnlyForDeploymentPostprocessing = 0;
		};
/* End PBXFrameworksBuildPhase section */

/* Begin PBXGroup section */
		EC548513187F442200EA69E5 /* Abstract */ = {
			isa = PBXGroup;
			children = (
				EC548510187F441D00EA69E5 /* AddCategoryViewController.h */,
				EC548511187F441D00EA69E5 /* AddCategoryViewController.m */,
			);
			name = Abstract;
			sourceTree = "<group>";
		};
		ECB140E6187A9ECC008A58AA = {
			isa = PBXGroup;
			children = (
				ECB140F8187A9ECC008A58AA /* Spendykins */,
				ECB14117187A9ECC008A58AA /* SpendykinsTests */,
				ECB140F1187A9ECC008A58AA /* Frameworks */,
				ECB140F0187A9ECC008A58AA /* Products */,
			);
			sourceTree = "<group>";
		};
		ECB140F0187A9ECC008A58AA /* Products */ = {
			isa = PBXGroup;
			children = (
				ECB140EF187A9ECC008A58AA /* Spendykins.app */,
				ECB14110187A9ECC008A58AA /* SpendykinsTests.xctest */,
			);
			name = Products;
			sourceTree = "<group>";
		};
		ECB140F1187A9ECC008A58AA /* Frameworks */ = {
			isa = PBXGroup;
			children = (
				ECB140F2187A9ECC008A58AA /* Foundation.framework */,
				ECB140F4187A9ECC008A58AA /* CoreGraphics.framework */,
				ECB140F6187A9ECC008A58AA /* UIKit.framework */,
				ECB14111187A9ECC008A58AA /* XCTest.framework */,
			);
			name = Frameworks;
			sourceTree = "<group>";
		};
		ECB140F8187A9ECC008A58AA /* Spendykins */ = {
			isa = PBXGroup;
			children = (
				ECA07122187CA238004CFA05 /* ContextNavController.h */,
				ECA07123187CA238004CFA05 /* ContextNavController.m */,
				ECB14101187A9ECC008A58AA /* SpendykinsAppDelegate.h */,
				ECB14127187A9FC9008A58AA /* Model.xcdatamodeld */,
				ECB14133187AA253008A58AA /* Model */,
				ECB14102187A9ECC008A58AA /* SpendykinsAppDelegate.m */,
				ECB14104187A9ECC008A58AA /* Main.storyboard */,
				ECA0711C187C9B02004CFA05 /* AddingTransactionCLVC.h */,
				ECA0711D187C9B02004CFA05 /* AddingTransactionCLVC.m */,
				ECA07119187C903A004CFA05 /* AddTransactionViewController.h */,
				ECA0711A187C903A004CFA05 /* AddTransactionViewController.m */,
				ECA07116187BFEAC004CFA05 /* CategoryListViewController.h */,
				ECA07117187BFEAC004CFA05 /* CategoryListViewController.m */,
				ECB14107187A9ECC008A58AA /* SpendykinsViewController.h */,
				ECB14108187A9ECC008A58AA /* SpendykinsViewController.m */,
				EC548513187F442200EA69E5 /* Abstract */,
				ECB1410A187A9ECC008A58AA /* Images.xcassets */,
				ECB140F9187A9ECC008A58AA /* Supporting Files */,
			);
			path = Spendykins;
			sourceTree = "<group>";
		};
		ECB140F9187A9ECC008A58AA /* Supporting Files */ = {
			isa = PBXGroup;
			children = (
				ECB140FA187A9ECC008A58AA /* Spendykins-Info.plist */,
				ECB140FB187A9ECC008A58AA /* InfoPlist.strings */,
				ECB140FE187A9ECC008A58AA /* main.m */,
				ECB14100187A9ECC008A58AA /* Spendykins-Prefix.pch */,
			);
			name = "Supporting Files";
			sourceTree = "<group>";
		};
		ECB14117187A9ECC008A58AA /* SpendykinsTests */ = {
			isa = PBXGroup;
			children = (
				ECB1411D187A9ECC008A58AA /* SpendykinsTests.m */,
				ECB14118187A9ECC008A58AA /* Supporting Files */,
			);
			path = SpendykinsTests;
			sourceTree = "<group>";
		};
		ECB14118187A9ECC008A58AA /* Supporting Files */ = {
			isa = PBXGroup;
			children = (
				ECB14119187A9ECC008A58AA /* SpendykinsTests-Info.plist */,
				ECB1411A187A9ECC008A58AA /* InfoPlist.strings */,
			);
			name = "Supporting Files";
			sourceTree = "<group>";
		};
		ECB14133187AA253008A58AA /* Model */ = {
			isa = PBXGroup;
			children = (
				ECB14152187AAD26008A58AA /* Transaction.h */,
				ECB14153187AAD26008A58AA /* Transaction.m */,
				ECB1414F187AAD26008A58AA /* SpendingCategory.h */,
				ECB14150187AAD26008A58AA /* SpendingCategory.m */,
				ECB1414C187AAD25008A58AA /* Rating.h */,
				ECB1414D187AAD25008A58AA /* Rating.m */,
				ECB1413D187AA59E008A58AA /* SpendingCategory+Create.h */,
				ECB1413E187AA59E008A58AA /* SpendingCategory+Create.m */,
				ECB14140187AABDC008A58AA /* Rating+Create.h */,
				ECB14141187AABDC008A58AA /* Rating+Create.m */,
				ECB14155187AB182008A58AA /* Transaction+Create.h */,
				ECB14156187AB182008A58AA /* Transaction+Create.m */,
			);
			name = Model;
			sourceTree = "<group>";
		};
/* End PBXGroup section */

/* Begin PBXNativeTarget section */
		ECB140EE187A9ECC008A58AA /* Spendykins */ = {
			isa = PBXNativeTarget;
			buildConfigurationList = ECB14121187A9ECC008A58AA /* Build configuration list for PBXNativeTarget "Spendykins" */;
			buildPhases = (
				ECB140EB187A9ECC008A58AA /* Sources */,
				ECB140EC187A9ECC008A58AA /* Frameworks */,
				ECB140ED187A9ECC008A58AA /* Resources */,
			);
			buildRules = (
			);
			dependencies = (
			);
			name = Spendykins;
			productName = Spendykins;
			productReference = ECB140EF187A9ECC008A58AA /* Spendykins.app */;
			productType = "com.apple.product-type.application";
		};
		ECB1410F187A9ECC008A58AA /* SpendykinsTests */ = {
			isa = PBXNativeTarget;
			buildConfigurationList = ECB14124187A9ECC008A58AA /* Build configuration list for PBXNativeTarget "SpendykinsTests" */;
			buildPhases = (
				ECB1410C187A9ECC008A58AA /* Sources */,
				ECB1410D187A9ECC008A58AA /* Frameworks */,
				ECB1410E187A9ECC008A58AA /* Resources */,
			);
			buildRules = (
			);
			dependencies = (
				ECB14116187A9ECC008A58AA /* PBXTargetDependency */,
			);
			name = SpendykinsTests;
			productName = SpendykinsTests;
			productReference = ECB14110187A9ECC008A58AA /* SpendykinsTests.xctest */;
			productType = "com.apple.product-type.bundle.unit-test";
		};
/* End PBXNativeTarget section */

/* Begin PBXProject section */
		ECB140E7187A9ECC008A58AA /* Project object */ = {
			isa = PBXProject;
			attributes = {
				CLASSPREFIX = Spendykins;
				LastUpgradeCheck = 0500;
				ORGANIZATIONNAME = "Chris Tibbs";
				TargetAttributes = {
					ECB1410F187A9ECC008A58AA = {
						TestTargetID = ECB140EE187A9ECC008A58AA;
					};
				};
			};
			buildConfigurationList = ECB140EA187A9ECC008A58AA /* Build configuration list for PBXProject "Spendykins" */;
			compatibilityVersion = "Xcode 3.2";
			developmentRegion = English;
			hasScannedForEncodings = 0;
			knownRegions = (
				en,
				Base,
			);
			mainGroup = ECB140E6187A9ECC008A58AA;
			productRefGroup = ECB140F0187A9ECC008A58AA /* Products */;
			projectDirPath = "";
			projectRoot = "";
			targets = (
				ECB140EE187A9ECC008A58AA /* Spendykins */,
				ECB1410F187A9ECC008A58AA /* SpendykinsTests */,
			);
		};
/* End PBXProject section */

/* Begin PBXResourcesBuildPhase section */
		ECB140ED187A9ECC008A58AA /* Resources */ = {
			isa = PBXResourcesBuildPhase;
			buildActionMask = 2147483647;
			files = (
				ECB1410B187A9ECC008A58AA /* Images.xcassets in Resources */,
				ECB140FD187A9ECC008A58AA /* InfoPlist.strings in Resources */,
				ECB14106187A9ECC008A58AA /* Main.storyboard in Resources */,
			);
			runOnlyForDeploymentPostprocessing = 0;
		};
		ECB1410E187A9ECC008A58AA /* Resources */ = {
			isa = PBXResourcesBuildPhase;
			buildActionMask = 2147483647;
			files = (
				ECB1411C187A9ECC008A58AA /* InfoPlist.strings in Resources */,
			);
			runOnlyForDeploymentPostprocessing = 0;
		};
/* End PBXResourcesBuildPhase section */

/* Begin PBXSourcesBuildPhase section */
		ECB140EB187A9ECC008A58AA /* Sources */ = {
			isa = PBXSourcesBuildPhase;
			buildActionMask = 2147483647;
			files = (
				ECB14157187AB182008A58AA /* Transaction+Create.m in Sources */,
				ECA07124187CA238004CFA05 /* ContextNavController.m in Sources */,
				ECB14154187AAD26008A58AA /* Transaction.m in Sources */,
				ECB1413F187AA59E008A58AA /* SpendingCategory+Create.m in Sources */,
				ECB14142187AABDC008A58AA /* Rating+Create.m in Sources */,
				ECA0711E187C9B02004CFA05 /* AddingTransactionCLVC.m in Sources */,
				ECB14103187A9ECC008A58AA /* SpendykinsAppDelegate.m in Sources */,
				ECB14151187AAD26008A58AA /* SpendingCategory.m in Sources */,
				EC548512187F441D00EA69E5 /* AddCategoryViewController.m in Sources */,
				ECB14109187A9ECC008A58AA /* SpendykinsViewController.m in Sources */,
				ECA0711B187C903A004CFA05 /* AddTransactionViewController.m in Sources */,
				ECB140FF187A9ECC008A58AA /* main.m in Sources */,
				ECA07118187BFEAC004CFA05 /* CategoryListViewController.m in Sources */,
				ECB1414E187AAD25008A58AA /* Rating.m in Sources */,
				ECB14129187A9FC9008A58AA /* Model.xcdatamodeld in Sources */,
			);
			runOnlyForDeploymentPostprocessing = 0;
		};
		ECB1410C187A9ECC008A58AA /* Sources */ = {
			isa = PBXSourcesBuildPhase;
			buildActionMask = 2147483647;
			files = (
				ECB1411E187A9ECC008A58AA /* SpendykinsTests.m in Sources */,
			);
			runOnlyForDeploymentPostprocessing = 0;
		};
/* End PBXSourcesBuildPhase section */

/* Begin PBXTargetDependency section */
		ECB14116187A9ECC008A58AA /* PBXTargetDependency */ = {
			isa = PBXTargetDependency;
			target = ECB140EE187A9ECC008A58AA /* Spendykins */;
			targetProxy = ECB14115187A9ECC008A58AA /* PBXContainerItemProxy */;
		};
/* End PBXTargetDependency section */

/* Begin PBXVariantGroup section */
		ECB140FB187A9ECC008A58AA /* InfoPlist.strings */ = {
			isa = PBXVariantGroup;
			children = (
				ECB140FC187A9ECC008A58AA /* en */,
			);
			name = InfoPlist.strings;
			sourceTree = "<group>";
		};
		ECB14104187A9ECC008A58AA /* Main.storyboard */ = {
			isa = PBXVariantGroup;
			children = (
				ECB14105187A9ECC008A58AA /* Base */,
			);
			name = Main.storyboard;
			sourceTree = "<group>";
		};
		ECB1411A187A9ECC008A58AA /* InfoPlist.strings */ = {
			isa = PBXVariantGroup;
			children = (
				ECB1411B187A9ECC008A58AA /* en */,
			);
			name = InfoPlist.strings;
			sourceTree = "<group>";
		};
/* End PBXVariantGroup section */

/* Begin XCBuildConfiguration section */
		ECB1411F187A9ECC008A58AA /* Debug */ = {
			isa = XCBuildConfiguration;
			buildSettings = {
				ALWAYS_SEARCH_USER_PATHS = NO;
				ARCHS = "$(ARCHS_STANDARD_INCLUDING_64_BIT)";
				CLANG_CXX_LANGUAGE_STANDARD = "gnu++0x";
				CLANG_CXX_LIBRARY = "libc++";
				CLANG_ENABLE_MODULES = YES;
				CLANG_ENABLE_OBJC_ARC = YES;
				CLANG_WARN_BOOL_CONVERSION = YES;
				CLANG_WARN_CONSTANT_CONVERSION = YES;
				CLANG_WARN_DIRECT_OBJC_ISA_USAGE = YES_ERROR;
				CLANG_WARN_EMPTY_BODY = YES;
				CLANG_WARN_ENUM_CONVERSION = YES;
				CLANG_WARN_INT_CONVERSION = YES;
				CLANG_WARN_OBJC_ROOT_CLASS = YES_ERROR;
				CLANG_WARN__DUPLICATE_METHOD_MATCH = YES;
				"CODE_SIGN_IDENTITY[sdk=iphoneos*]" = "iPhone Developer";
				COPY_PHASE_STRIP = NO;
				GCC_C_LANGUAGE_STANDARD = gnu99;
				GCC_DYNAMIC_NO_PIC = NO;
				GCC_OPTIMIZATION_LEVEL = 0;
				GCC_PREPROCESSOR_DEFINITIONS = (
					"DEBUG=1",
					"$(inherited)",
				);
				GCC_SYMBOLS_PRIVATE_EXTERN = NO;
				GCC_WARN_64_TO_32_BIT_CONVERSION = YES;
				GCC_WARN_ABOUT_RETURN_TYPE = YES_ERROR;
				GCC_WARN_UNDECLARED_SELECTOR = YES;
				GCC_WARN_UNINITIALIZED_AUTOS = YES;
				GCC_WARN_UNUSED_FUNCTION = YES;
				GCC_WARN_UNUSED_VARIABLE = YES;
				IPHONEOS_DEPLOYMENT_TARGET = 7.0;
				ONLY_ACTIVE_ARCH = YES;
				SDKROOT = iphoneos;
			};
			name = Debug;
		};
		ECB14120187A9ECC008A58AA /* Release */ = {
			isa = XCBuildConfiguration;
			buildSettings = {
				ALWAYS_SEARCH_USER_PATHS = NO;
				ARCHS = "$(ARCHS_STANDARD_INCLUDING_64_BIT)";
				CLANG_CXX_LANGUAGE_STANDARD = "gnu++0x";
				CLANG_CXX_LIBRARY = "libc++";
				CLANG_ENABLE_MODULES = YES;
				CLANG_ENABLE_OBJC_ARC = YES;
				CLANG_WARN_BOOL_CONVERSION = YES;
				CLANG_WARN_CONSTANT_CONVERSION = YES;
				CLANG_WARN_DIRECT_OBJC_ISA_USAGE = YES_ERROR;
				CLANG_WARN_EMPTY_BODY = YES;
				CLANG_WARN_ENUM_CONVERSION = YES;
				CLANG_WARN_INT_CONVERSION = YES;
				CLANG_WARN_OBJC_ROOT_CLASS = YES_ERROR;
				CLANG_WARN__DUPLICATE_METHOD_MATCH = YES;
				"CODE_SIGN_IDENTITY[sdk=iphoneos*]" = "iPhone Developer";
				COPY_PHASE_STRIP = YES;
				ENABLE_NS_ASSERTIONS = NO;
				GCC_C_LANGUAGE_STANDARD = gnu99;
				GCC_WARN_64_TO_32_BIT_CONVERSION = YES;
				GCC_WARN_ABOUT_RETURN_TYPE = YES_ERROR;
				GCC_WARN_UNDECLARED_SELECTOR = YES;
				GCC_WARN_UNINITIALIZED_AUTOS = YES;
				GCC_WARN_UNUSED_FUNCTION = YES;
				GCC_WARN_UNUSED_VARIABLE = YES;
				IPHONEOS_DEPLOYMENT_TARGET = 7.0;
				SDKROOT = iphoneos;
				VALIDATE_PRODUCT = YES;
			};
			name = Release;
		};
		ECB14122187A9ECC008A58AA /* Debug */ = {
			isa = XCBuildConfiguration;
			buildSettings = {
				ASSETCATALOG_COMPILER_APPICON_NAME = AppIcon;
				ASSETCATALOG_COMPILER_LAUNCHIMAGE_NAME = LaunchImage;
				GCC_PRECOMPILE_PREFIX_HEADER = YES;
				GCC_PREFIX_HEADER = "Spendykins/Spendykins-Prefix.pch";
				INFOPLIST_FILE = "Spendykins/Spendykins-Info.plist";
				PRODUCT_NAME = "$(TARGET_NAME)";
				WRAPPER_EXTENSION = app;
			};
			name = Debug;
		};
		ECB14123187A9ECC008A58AA /* Release */ = {
			isa = XCBuildConfiguration;
			buildSettings = {
				ASSETCATALOG_COMPILER_APPICON_NAME = AppIcon;
				ASSETCATALOG_COMPILER_LAUNCHIMAGE_NAME = LaunchImage;
				GCC_PRECOMPILE_PREFIX_HEADER = YES;
				GCC_PREFIX_HEADER = "Spendykins/Spendykins-Prefix.pch";
				INFOPLIST_FILE = "Spendykins/Spendykins-Info.plist";
				PRODUCT_NAME = "$(TARGET_NAME)";
				WRAPPER_EXTENSION = app;
			};
			name = Release;
		};
		ECB14125187A9ECC008A58AA /* Debug */ = {
			isa = XCBuildConfiguration;
			buildSettings = {
				ARCHS = "$(ARCHS_STANDARD_INCLUDING_64_BIT)";
				BUNDLE_LOADER = "$(BUILT_PRODUCTS_DIR)/Spendykins.app/Spendykins";
				FRAMEWORK_SEARCH_PATHS = (
					"$(SDKROOT)/Developer/Library/Frameworks",
					"$(inherited)",
					"$(DEVELOPER_FRAMEWORKS_DIR)",
				);
				GCC_PRECOMPILE_PREFIX_HEADER = YES;
				GCC_PREFIX_HEADER = "Spendykins/Spendykins-Prefix.pch";
				GCC_PREPROCESSOR_DEFINITIONS = (
					"DEBUG=1",
					"$(inherited)",
				);
				INFOPLIST_FILE = "SpendykinsTests/SpendykinsTests-Info.plist";
				PRODUCT_NAME = "$(TARGET_NAME)";
				TEST_HOST = "$(BUNDLE_LOADER)";
				WRAPPER_EXTENSION = xctest;
			};
			name = Debug;
		};
		ECB14126187A9ECC008A58AA /* Release */ = {
			isa = XCBuildConfiguration;
			buildSettings = {
				ARCHS = "$(ARCHS_STANDARD_INCLUDING_64_BIT)";
				BUNDLE_LOADER = "$(BUILT_PRODUCTS_DIR)/Spendykins.app/Spendykins";
				FRAMEWORK_SEARCH_PATHS = (
					"$(SDKROOT)/Developer/Library/Frameworks",
					"$(inherited)",
					"$(DEVELOPER_FRAMEWORKS_DIR)",
				);
				GCC_PRECOMPILE_PREFIX_HEADER = YES;
				GCC_PREFIX_HEADER = "Spendykins/Spendykins-Prefix.pch";
				INFOPLIST_FILE = "SpendykinsTests/SpendykinsTests-Info.plist";
				PRODUCT_NAME = "$(TARGET_NAME)";
				TEST_HOST = "$(BUNDLE_LOADER)";
				WRAPPER_EXTENSION = xctest;
			};
			name = Release;
		};
/* End XCBuildConfiguration section */

/* Begin XCConfigurationList section */
		ECB140EA187A9ECC008A58AA /* Build configuration list for PBXProject "Spendykins" */ = {
			isa = XCConfigurationList;
			buildConfigurations = (
				ECB1411F187A9ECC008A58AA /* Debug */,
				ECB14120187A9ECC008A58AA /* Release */,
			);
			defaultConfigurationIsVisible = 0;
			defaultConfigurationName = Release;
		};
		ECB14121187A9ECC008A58AA /* Build configuration list for PBXNativeTarget "Spendykins" */ = {
			isa = XCConfigurationList;
			buildConfigurations = (
				ECB14122187A9ECC008A58AA /* Debug */,
				ECB14123187A9ECC008A58AA /* Release */,
			);
			defaultConfigurationIsVisible = 0;
			defaultConfigurationName = Release;
		};
		ECB14124187A9ECC008A58AA /* Build configuration list for PBXNativeTarget "SpendykinsTests" */ = {
			isa = XCConfigurationList;
			buildConfigurations = (
				ECB14125187A9ECC008A58AA /* Debug */,
				ECB14126187A9ECC008A58AA /* Release */,
			);
			defaultConfigurationIsVisible = 0;
			defaultConfigurationName = Release;
		};
/* End XCConfigurationList section */

/* Begin XCVersionGroup section */
		ECB14127187A9FC9008A58AA /* Model.xcdatamodeld */ = {
			isa = XCVersionGroup;
			children = (
				ECB14128187A9FC9008A58AA /* Model.xcdatamodel */,
			);
			currentVersion = ECB14128187A9FC9008A58AA /* Model.xcdatamodel */;
			name = Model.xcdatamodeld;
			path = ../Model.xcdatamodeld;
			sourceTree = "<group>";
			versionGroupType = wrapper.xcdatamodel;
		};
/* End XCVersionGroup section */
	};
	rootObject = ECB140E7187A9ECC008A58AA /* Project object */;
}
